
Microsoft Visual Studio Solution File, Format Version 12.00
# Visual Studio 15
VisualStudioVersion = 15.0.27130.2020
MinimumVisualStudioVersion = 10.0.40219.1
Project("{FAE04EC0-301F-11D3-BF4B-00C04F79EFBC}") = "Models", "Models\Models.csproj", "{F9D11B0B-9F34-4394-A73E-2CD186A8C327}"
EndProject
Project("{FAE04EC0-301F-11D3-BF4B-00C04F79EFBC}") = "Web", "Web\Web.csproj", "{794D6E81-7B23-4688-9A02-05953BC4DDE9}"
EndProject
Global
	GlobalSection(SolutionConfigurationPlatforms) = preSolution
		Debug|Any CPU = Debug|Any CPU
		Release|Any CPU = Release|Any CPU
	EndGlobalSection
	GlobalSection(ProjectConfigurationPlatforms) = postSolution
		{F9D11B0B-9F34-4394-A73E-2CD186A8C327}.Debug|Any CPU.ActiveCfg = Debug|Any CPU
		{F9D11B0B-9F34-4394-A73E-2CD186A8C327}.Debug|Any CPU.Build.0 = Debug|Any CPU
		{F9D11B0B-9F34-4394-A73E-2CD186A8C327}.Release|Any CPU.ActiveCfg = Release|Any CPU
		{F9D11B0B-9F34-4394-A73E-2CD186A8C327}.Release|Any CPU.Build.0 = Release|Any CPU
		{794D6E81-7B23-4688-9A02-05953BC4DDE9}.Debug|Any CPU.ActiveCfg = Debug|Any CPU
		{794D6E81-7B23-4688-9A02-05953BC4DDE9}.Debug|Any CPU.Build.0 = Debug|Any CPU
		{794D6E81-7B23-4688-9A02-05953BC4DDE9}.Release|Any CPU.ActiveCfg = Release|Any CPU
		{794D6E81-7B23-4688-9A02-05953BC4DDE9}.Release|Any CPU.Build.0 = Release|Any CPU
	EndGlobalSection
	GlobalSection(SolutionProperties) = preSolution
		HideSolutionNode = FALSE
	EndGlobalSection
	GlobalSection(ExtensibilityGlobals) = postSolution
		SolutionGuid = {E807C5D1-1E5D-4760-8490-AC33D48E6F77}
	EndGlobalSection
EndGlobal
